
Microsoft Visual Studio Solution File, Format Version 12.00
# Visual Studio Version 16
VisualStudioVersion = 25.0.1706.12
MinimumVisualStudioVersion = 10.0.40219.1
Project("{FAE04EC0-301F-11D3-BF4B-00C04F79EFBC}") = "HomeWork2", "HomeWork2\HomeWork2.csproj", "{7B0AD905-3418-4FBA-928A-2F5AA07BBED8}"
EndProject
Project("{FAE04EC0-301F-11D3-BF4B-00C04F79EFBC}") = "HomeWork3", "HomeWork3\HomeWork3.csproj", "{A5B948F4-F336-4D6A-9BC4-6860967BE635}"
EndProject
Global
	GlobalSection(SolutionConfigurationPlatforms) = preSolution
		Debug|Any CPU = Debug|Any CPU
		Release|Any CPU = Release|Any CPU
	EndGlobalSection
	GlobalSection(ProjectConfigurationPlatforms) = postSolution
		{7B0AD905-3418-4FBA-928A-2F5AA07BBED8}.Debug|Any CPU.ActiveCfg = Debug|Any CPU
		{7B0AD905-3418-4FBA-928A-2F5AA07BBED8}.Debug|Any CPU.Build.0 = Debug|Any CPU
		{7B0AD905-3418-4FBA-928A-2F5AA07BBED8}.Release|Any CPU.ActiveCfg = Release|Any CPU
		{7B0AD905-3418-4FBA-928A-2F5AA07BBED8}.Release|Any CPU.Build.0 = Release|Any CPU
		{A5B948F4-F336-4D6A-9BC4-6860967BE635}.Debug|Any CPU.ActiveCfg = Debug|Any CPU
		{A5B948F4-F336-4D6A-9BC4-6860967BE635}.Debug|Any CPU.Build.0 = Debug|Any CPU
		{A5B948F4-F336-4D6A-9BC4-6860967BE635}.Release|Any CPU.ActiveCfg = Release|Any CPU
		{A5B948F4-F336-4D6A-9BC4-6860967BE635}.Release|Any CPU.Build.0 = Release|Any CPU
	EndGlobalSection
	GlobalSection(SolutionProperties) = preSolution
		HideSolutionNode = FALSE
	EndGlobalSection
	GlobalSection(ExtensibilityGlobals) = postSolution
		SolutionGuid = {57548B45-4D4F-477C-91E8-92BCAA597669}
	EndGlobalSection
EndGlobal
